
Microsoft Visual Studio Solution File, Format Version 12.00
# Visual Studio 15
Project("{FAE04EC0-301F-11D3-BF4B-00C04F79EFBC}") = "ClareAI", "ClareAI.csproj", "{C42D2E08-CAC7-4BBE-B09A-913FF7471F4C}"
EndProject
Global
	GlobalSection(SolutionConfigurationPlatforms) = preSolution
		Debug|Any CPU = Debug|Any CPU
		Release|Any CPU = Release|Any CPU
	EndGlobalSection
	GlobalSection(ProjectConfigurationPlatforms) = postSolution
		{C42D2E08-CAC7-4BBE-B09A-913FF7471F4C}.Debug|Any CPU.ActiveCfg = Debug|Any CPU
		{C42D2E08-CAC7-4BBE-B09A-913FF7471F4C}.Debug|Any CPU.Build.0 = Debug|Any CPU
		{C42D2E08-CAC7-4BBE-B09A-913FF7471F4C}.Release|Any CPU.ActiveCfg = Release|Any CPU
		{C42D2E08-CAC7-4BBE-B09A-913FF7471F4C}.Release|Any CPU.Build.0 = Release|Any CPU
	EndGlobalSection
EndGlobal
